// !$*UTF8*$!
{
	archiveVersion = 1;
	classes = {
	};
	objectVersion = 46;
	objects = {

/* Begin PBXBuildFile section */
		C35FE64E1E4F6AC900B29FFF /* ListTableViewCell.swift in Sources */ = {isa = PBXBuildFile; fileRef = C35FE64D1E4F6AC900B29FFF /* ListTableViewCell.swift */; };
		C35FE6501E4F6D0800B29FFF /* ListTableViewController.swift in Sources */ = {isa = PBXBuildFile; fileRef = C35FE64F1E4F6D0800B29FFF /* ListTableViewController.swift */; };
		C373589D1E4A09D50001A0CE /* AppDelegate.swift in Sources */ = {isa = PBXBuildFile; fileRef = C373589C1E4A09D50001A0CE /* AppDelegate.swift */; };
		C373589F1E4A09D50001A0CE /* TaskViewController.swift in Sources */ = {isa = PBXBuildFile; fileRef = C373589E1E4A09D50001A0CE /* TaskViewController.swift */; };
		C37358A21E4A09D50001A0CE /* Main.storyboard in Resources */ = {isa = PBXBuildFile; fileRef = C37358A01E4A09D50001A0CE /* Main.storyboard */; };
		C37358A41E4A09D50001A0CE /* Assets.xcassets in Resources */ = {isa = PBXBuildFile; fileRef = C37358A31E4A09D50001A0CE /* Assets.xcassets */; };
		C37358A71E4A09D50001A0CE /* LaunchScreen.storyboard in Resources */ = {isa = PBXBuildFile; fileRef = C37358A51E4A09D50001A0CE /* LaunchScreen.storyboard */; };
		C37358B21E4A09D60001A0CE /* CheckItOffTests.swift in Sources */ = {isa = PBXBuildFile; fileRef = C37358B11E4A09D60001A0CE /* CheckItOffTests.swift */; };
		C393092B1E4A68C700B7292F /* Task.swift in Sources */ = {isa = PBXBuildFile; fileRef = C393092A1E4A68C700B7292F /* Task.swift */; };
		C393092D1E4A6F3100B7292F /* TaskTableViewCell.swift in Sources */ = {isa = PBXBuildFile; fileRef = C393092C1E4A6F3100B7292F /* TaskTableViewCell.swift */; };
		C39309311E4A76B300B7292F /* TaskTableViewController.swift in Sources */ = {isa = PBXBuildFile; fileRef = C39309301E4A76B300B7292F /* TaskTableViewController.swift */; };
		C3CE32E71E53161C0089CDDA /* Model.xcdatamodeld in Sources */ = {isa = PBXBuildFile; fileRef = C3CE32E51E53161C0089CDDA /* Model.xcdatamodeld */; };
/* End PBXBuildFile section */

/* Begin PBXContainerItemProxy section */
		C37358AE1E4A09D60001A0CE /* PBXContainerItemProxy */ = {
			isa = PBXContainerItemProxy;
			containerPortal = C37358911E4A09D50001A0CE /* Project object */;
			proxyType = 1;
			remoteGlobalIDString = C37358981E4A09D50001A0CE;
			remoteInfo = CheckItOff;
		};
/* End PBXContainerItemProxy section */

/* Begin PBXFileReference section */
		C35FE64D1E4F6AC900B29FFF /* ListTableViewCell.swift */ = {isa = PBXFileReference; fileEncoding = 4; lastKnownFileType = sourcecode.swift; path = ListTableViewCell.swift; sourceTree = "<group>"; };
		C35FE64F1E4F6D0800B29FFF /* ListTableViewController.swift */ = {isa = PBXFileReference; fileEncoding = 4; lastKnownFileType = sourcecode.swift; path = ListTableViewController.swift; sourceTree = "<group>"; };
		C37358991E4A09D50001A0CE /* CheckItOff.app */ = {isa = PBXFileReference; explicitFileType = wrapper.application; includeInIndex = 0; path = CheckItOff.app; sourceTree = BUILT_PRODUCTS_DIR; };
		C373589C1E4A09D50001A0CE /* AppDelegate.swift */ = {isa = PBXFileReference; lastKnownFileType = sourcecode.swift; path = AppDelegate.swift; sourceTree = "<group>"; };
		C373589E1E4A09D50001A0CE /* TaskViewController.swift */ = {isa = PBXFileReference; lastKnownFileType = sourcecode.swift; path = TaskViewController.swift; sourceTree = "<group>"; };
		C37358A11E4A09D50001A0CE /* Base */ = {isa = PBXFileReference; lastKnownFileType = file.storyboard; name = Base; path = Base.lproj/Main.storyboard; sourceTree = "<group>"; };
		C37358A31E4A09D50001A0CE /* Assets.xcassets */ = {isa = PBXFileReference; lastKnownFileType = folder.assetcatalog; path = Assets.xcassets; sourceTree = "<group>"; };
		C37358A61E4A09D50001A0CE /* Base */ = {isa = PBXFileReference; lastKnownFileType = file.storyboard; name = Base; path = Base.lproj/LaunchScreen.storyboard; sourceTree = "<group>"; };
		C37358A81E4A09D50001A0CE /* Info.plist */ = {isa = PBXFileReference; lastKnownFileType = text.plist.xml; path = Info.plist; sourceTree = "<group>"; };
		C37358AD1E4A09D60001A0CE /* CheckItOffTests.xctest */ = {isa = PBXFileReference; explicitFileType = wrapper.cfbundle; includeInIndex = 0; path = CheckItOffTests.xctest; sourceTree = BUILT_PRODUCTS_DIR; };
		C37358B11E4A09D60001A0CE /* CheckItOffTests.swift */ = {isa = PBXFileReference; lastKnownFileType = sourcecode.swift; path = CheckItOffTests.swift; sourceTree = "<group>"; };
		C37358B31E4A09D60001A0CE /* Info.plist */ = {isa = PBXFileReference; lastKnownFileType = text.plist.xml; path = Info.plist; sourceTree = "<group>"; };
		C393092A1E4A68C700B7292F /* Task.swift */ = {isa = PBXFileReference; fileEncoding = 4; lastKnownFileType = sourcecode.swift; path = Task.swift; sourceTree = "<group>"; };
		C393092C1E4A6F3100B7292F /* TaskTableViewCell.swift */ = {isa = PBXFileReference; fileEncoding = 4; lastKnownFileType = sourcecode.swift; path = TaskTableViewCell.swift; sourceTree = "<group>"; };
		C39309301E4A76B300B7292F /* TaskTableViewController.swift */ = {isa = PBXFileReference; fileEncoding = 4; lastKnownFileType = sourcecode.swift; name = TaskTableViewController.swift; path = ../TaskTableViewController.swift; sourceTree = "<group>"; };
		C3CE32E61E53161C0089CDDA /* Model.xcdatamodel */ = {isa = PBXFileReference; lastKnownFileType = wrapper.xcdatamodel; path = Model.xcdatamodel; sourceTree = "<group>"; };
/* End PBXFileReference section */

/* Begin PBXFrameworksBuildPhase section */
		C37358961E4A09D50001A0CE /* Frameworks */ = {
			isa = PBXFrameworksBuildPhase;
			buildActionMask = 2147483647;
			files = (
			);
			runOnlyForDeploymentPostprocessing = 0;
		};
		C37358AA1E4A09D60001A0CE /* Frameworks */ = {
			isa = PBXFrameworksBuildPhase;
			buildActionMask = 2147483647;
			files = (
			);
			runOnlyForDeploymentPostprocessing = 0;
		};
/* End PBXFrameworksBuildPhase section */

/* Begin PBXGroup section */
		C37358901E4A09D50001A0CE = {
			isa = PBXGroup;
			children = (
				C373589B1E4A09D50001A0CE /* CheckItOff */,
				C37358B01E4A09D60001A0CE /* CheckItOffTests */,
				C373589A1E4A09D50001A0CE /* Products */,
			);
			sourceTree = "<group>";
		};
		C373589A1E4A09D50001A0CE /* Products */ = {
			isa = PBXGroup;
			children = (
				C37358991E4A09D50001A0CE /* CheckItOff.app */,
				C37358AD1E4A09D60001A0CE /* CheckItOffTests.xctest */,
			);
			name = Products;
			sourceTree = "<group>";
		};
		C373589B1E4A09D50001A0CE /* CheckItOff */ = {
			isa = PBXGroup;
			children = (
				C373589C1E4A09D50001A0CE /* AppDelegate.swift */,
				C393092A1E4A68C700B7292F /* Task.swift */,
				C373589E1E4A09D50001A0CE /* TaskViewController.swift */,
				C393092C1E4A6F3100B7292F /* TaskTableViewCell.swift */,
				C39309301E4A76B300B7292F /* TaskTableViewController.swift */,
				C35FE64D1E4F6AC900B29FFF /* ListTableViewCell.swift */,
				C35FE64F1E4F6D0800B29FFF /* ListTableViewController.swift */,
				C37358A01E4A09D50001A0CE /* Main.storyboard */,
				C37358A31E4A09D50001A0CE /* Assets.xcassets */,
				C37358A51E4A09D50001A0CE /* LaunchScreen.storyboard */,
				C37358A81E4A09D50001A0CE /* Info.plist */,
				C3CE32E51E53161C0089CDDA /* Model.xcdatamodeld */,
			);
			path = CheckItOff;
			sourceTree = "<group>";
		};
		C37358B01E4A09D60001A0CE /* CheckItOffTests */ = {
			isa = PBXGroup;
			children = (
				C37358B11E4A09D60001A0CE /* CheckItOffTests.swift */,
				C37358B31E4A09D60001A0CE /* Info.plist */,
			);
			path = CheckItOffTests;
			sourceTree = "<group>";
		};
/* End PBXGroup section */

/* Begin PBXNativeTarget section */
		C37358981E4A09D50001A0CE /* CheckItOff */ = {
			isa = PBXNativeTarget;
			buildConfigurationList = C37358B61E4A09D60001A0CE /* Build configuration list for PBXNativeTarget "CheckItOff" */;
			buildPhases = (
				C37358951E4A09D50001A0CE /* Sources */,
				C37358961E4A09D50001A0CE /* Frameworks */,
				C37358971E4A09D50001A0CE /* Resources */,
			);
			buildRules = (
			);
			dependencies = (
			);
			name = CheckItOff;
			productName = CheckItOff;
			productReference = C37358991E4A09D50001A0CE /* CheckItOff.app */;
			productType = "com.apple.product-type.application";
		};
		C37358AC1E4A09D60001A0CE /* CheckItOffTests */ = {
			isa = PBXNativeTarget;
			buildConfigurationList = C37358B91E4A09D60001A0CE /* Build configuration list for PBXNativeTarget "CheckItOffTests" */;
			buildPhases = (
				C37358A91E4A09D60001A0CE /* Sources */,
				C37358AA1E4A09D60001A0CE /* Frameworks */,
				C37358AB1E4A09D60001A0CE /* Resources */,
			);
			buildRules = (
			);
			dependencies = (
				C37358AF1E4A09D60001A0CE /* PBXTargetDependency */,
			);
			name = CheckItOffTests;
			productName = CheckItOffTests;
			productReference = C37358AD1E4A09D60001A0CE /* CheckItOffTests.xctest */;
			productType = "com.apple.product-type.bundle.unit-test";
		};
/* End PBXNativeTarget section */

/* Begin PBXProject section */
		C37358911E4A09D50001A0CE /* Project object */ = {
			isa = PBXProject;
			attributes = {
				LastSwiftUpdateCheck = 0820;
				LastUpgradeCheck = 0820;
				ORGANIZATIONNAME = AlexandrePy;
				TargetAttributes = {
					C37358981E4A09D50001A0CE = {
						CreatedOnToolsVersion = 8.2.1;
						DevelopmentTeam = YG488X6356;
						ProvisioningStyle = Automatic;
					};
					C37358AC1E4A09D60001A0CE = {
						CreatedOnToolsVersion = 8.2.1;
						ProvisioningStyle = Automatic;
						TestTargetID = C37358981E4A09D50001A0CE;
					};
				};
			};
			buildConfigurationList = C37358941E4A09D50001A0CE /* Build configuration list for PBXProject "CheckItOff" */;
			compatibilityVersion = "Xcode 3.2";
			developmentRegion = English;
			hasScannedForEncodings = 0;
			knownRegions = (
				en,
				Base,
			);
			mainGroup = C37358901E4A09D50001A0CE;
			productRefGroup = C373589A1E4A09D50001A0CE /* Products */;
			projectDirPath = "";
			projectRoot = "";
			targets = (
				C37358981E4A09D50001A0CE /* CheckItOff */,
				C37358AC1E4A09D60001A0CE /* CheckItOffTests */,
			);
		};
/* End PBXProject section */

/* Begin PBXResourcesBuildPhase section */
		C37358971E4A09D50001A0CE /* Resources */ = {
			isa = PBXResourcesBuildPhase;
			buildActionMask = 2147483647;
			files = (
				C37358A71E4A09D50001A0CE /* LaunchScreen.storyboard in Resources */,
				C37358A41E4A09D50001A0CE /* Assets.xcassets in Resources */,
				C37358A21E4A09D50001A0CE /* Main.storyboard in Resources */,
			);
			runOnlyForDeploymentPostprocessing = 0;
		};
		C37358AB1E4A09D60001A0CE /* Resources */ = {
			isa = PBXResourcesBuildPhase;
			buildActionMask = 2147483647;
			files = (
			);
			runOnlyForDeploymentPostprocessing = 0;
		};
/* End PBXResourcesBuildPhase section */

/* Begin PBXSourcesBuildPhase section */
		C37358951E4A09D50001A0CE /* Sources */ = {
			isa = PBXSourcesBuildPhase;
			buildActionMask = 2147483647;
			files = (
				C39309311E4A76B300B7292F /* TaskTableViewController.swift in Sources */,
				C393092D1E4A6F3100B7292F /* TaskTableViewCell.swift in Sources */,
				C35FE6501E4F6D0800B29FFF /* ListTableViewController.swift in Sources */,
				C373589F1E4A09D50001A0CE /* TaskViewController.swift in Sources */,
				C35FE64E1E4F6AC900B29FFF /* ListTableViewCell.swift in Sources */,
				C3CE32E71E53161C0089CDDA /* Model.xcdatamodeld in Sources */,
				C393092B1E4A68C700B7292F /* Task.swift in Sources */,
				C373589D1E4A09D50001A0CE /* AppDelegate.swift in Sources */,
			);
			runOnlyForDeploymentPostprocessing = 0;
		};
		C37358A91E4A09D60001A0CE /* Sources */ = {
			isa = PBXSourcesBuildPhase;
			buildActionMask = 2147483647;
			files = (
				C37358B21E4A09D60001A0CE /* CheckItOffTests.swift in Sources */,
			);
			runOnlyForDeploymentPostprocessing = 0;
		};
/* End PBXSourcesBuildPhase section */

/* Begin PBXTargetDependency section */
		C37358AF1E4A09D60001A0CE /* PBXTargetDependency */ = {
			isa = PBXTargetDependency;
			target = C37358981E4A09D50001A0CE /* CheckItOff */;
			targetProxy = C37358AE1E4A09D60001A0CE /* PBXContainerItemProxy */;
		};
/* End PBXTargetDependency section */

/* Begin PBXVariantGroup section */
		C37358A01E4A09D50001A0CE /* Main.storyboard */ = {
			isa = PBXVariantGroup;
			children = (
				C37358A11E4A09D50001A0CE /* Base */,
			);
			name = Main.storyboard;
			sourceTree = "<group>";
		};
		C37358A51E4A09D50001A0CE /* LaunchScreen.storyboard */ = {
			isa = PBXVariantGroup;
			children = (
				C37358A61E4A09D50001A0CE /* Base */,
			);
			name = LaunchScreen.storyboard;
			sourceTree = "<group>";
		};
/* End PBXVariantGroup section */

/* Begin XCBuildConfiguration section */
		C37358B41E4A09D60001A0CE /* Debug */ = {
			isa = XCBuildConfiguration;
			buildSettings = {
				ALWAYS_SEARCH_USER_PATHS = NO;
				CLANG_ANALYZER_NONNULL = YES;
				CLANG_CXX_LANGUAGE_STANDARD = "gnu++0x";
				CLANG_CXX_LIBRARY = "libc++";
				CLANG_ENABLE_MODULES = YES;
				CLANG_ENABLE_OBJC_ARC = YES;
				CLANG_WARN_BOOL_CONVERSION = YES;
				CLANG_WARN_CONSTANT_CONVERSION = YES;
				CLANG_WARN_DIRECT_OBJC_ISA_USAGE = YES_ERROR;
				CLANG_WARN_DOCUMENTATION_COMMENTS = YES;
				CLANG_WARN_EMPTY_BODY = YES;
				CLANG_WARN_ENUM_CONVERSION = YES;
				CLANG_WARN_INFINITE_RECURSION = YES;
				CLANG_WARN_INT_CONVERSION = YES;
				CLANG_WARN_OBJC_ROOT_CLASS = YES_ERROR;
				CLANG_WARN_SUSPICIOUS_MOVE = YES;
				CLANG_WARN_UNREACHABLE_CODE = YES;
				CLANG_WARN__DUPLICATE_METHOD_MATCH = YES;
				"CODE_SIGN_IDENTITY[sdk=iphoneos*]" = "iPhone Developer";
				COPY_PHASE_STRIP = NO;
				DEBUG_INFORMATION_FORMAT = dwarf;
				ENABLE_STRICT_OBJC_MSGSEND = YES;
				ENABLE_TESTABILITY = YES;
				GCC_C_LANGUAGE_STANDARD = gnu99;
				GCC_DYNAMIC_NO_PIC = NO;
				GCC_NO_COMMON_BLOCKS = YES;
				GCC_OPTIMIZATION_LEVEL = 0;
				GCC_PREPROCESSOR_DEFINITIONS = (
					"DEBUG=1",
					"$(inherited)",
				);
				GCC_WARN_64_TO_32_BIT_CONVERSION = YES;
				GCC_WARN_ABOUT_RETURN_TYPE = YES_ERROR;
				GCC_WARN_UNDECLARED_SELECTOR = YES;
				GCC_WARN_UNINITIALIZED_AUTOS = YES_AGGRESSIVE;
				GCC_WARN_UNUSED_FUNCTION = YES;
				GCC_WARN_UNUSED_VARIABLE = YES;
				IPHONEOS_DEPLOYMENT_TARGET = 10.2;
				MTL_ENABLE_DEBUG_INFO = YES;
				ONLY_ACTIVE_ARCH = YES;
				SDKROOT = iphoneos;
				SWIFT_ACTIVE_COMPILATION_CONDITIONS = DEBUG;
				SWIFT_OPTIMIZATION_LEVEL = "-Onone";
				TARGETED_DEVICE_FAMILY = "1,2";
			};
			name = Debug;
		};
		C37358B51E4A09D60001A0CE /* Release */ = {
			isa = XCBuildConfiguration;
			buildSettings = {
				ALWAYS_SEARCH_USER_PATHS = NO;
				CLANG_ANALYZER_NONNULL = YES;
				CLANG_CXX_LANGUAGE_STANDARD = "gnu++0x";
				CLANG_CXX_LIBRARY = "libc++";
				CLANG_ENABLE_MODULES = YES;
				CLANG_ENABLE_OBJC_ARC = YES;
				CLANG_WARN_BOOL_CONVERSION = YES;
				CLANG_WARN_CONSTANT_CONVERSION = YES;
				CLANG_WARN_DIRECT_OBJC_ISA_USAGE = YES_ERROR;
				CLANG_WARN_DOCUMENTATION_COMMENTS = YES;
				CLANG_WARN_EMPTY_BODY = YES;
				CLANG_WARN_ENUM_CONVERSION = YES;
				CLANG_WARN_INFINITE_RECURSION = YES;
				CLANG_WARN_INT_CONVERSION = YES;
				CLANG_WARN_OBJC_ROOT_CLASS = YES_ERROR;
				CLANG_WARN_SUSPICIOUS_MOVE = YES;
				CLANG_WARN_UNREACHABLE_CODE = YES;
				CLANG_WARN__DUPLICATE_METHOD_MATCH = YES;
				"CODE_SIGN_IDENTITY[sdk=iphoneos*]" = "iPhone Developer";
				COPY_PHASE_STRIP = NO;
				DEBUG_INFORMATION_FORMAT = "dwarf-with-dsym";
				ENABLE_NS_ASSERTIONS = NO;
				ENABLE_STRICT_OBJC_MSGSEND = YES;
				GCC_C_LANGUAGE_STANDARD = gnu99;
				GCC_NO_COMMON_BLOCKS = YES;
				GCC_WARN_64_TO_32_BIT_CONVERSION = YES;
				GCC_WARN_ABOUT_RETURN_TYPE = YES_ERROR;
				GCC_WARN_UNDECLARED_SELECTOR = YES;
				GCC_WARN_UNINITIALIZED_AUTOS = YES_AGGRESSIVE;
				GCC_WARN_UNUSED_FUNCTION = YES;
				GCC_WARN_UNUSED_VARIABLE = YES;
				IPHONEOS_DEPLOYMENT_TARGET = 10.2;
				MTL_ENABLE_DEBUG_INFO = NO;
				SDKROOT = iphoneos;
				SWIFT_OPTIMIZATION_LEVEL = "-Owholemodule";
				TARGETED_DEVICE_FAMILY = "1,2";
				VALIDATE_PRODUCT = YES;
			};
			name = Release;
		};
		C37358B71E4A09D60001A0CE /* Debug */ = {
			isa = XCBuildConfiguration;
			buildSettings = {
				ASSETCATALOG_COMPILER_APPICON_NAME = AppIcon;
				DEVELOPMENT_TEAM = YG488X6356;
				INFOPLIST_FILE = CheckItOff/Info.plist;
				IPHONEOS_DEPLOYMENT_TARGET = 10.2;
				LD_RUNPATH_SEARCH_PATHS = "$(inherited) @executable_path/Frameworks";
				PRODUCT_BUNDLE_IDENTIFIER = aleandre.proy.CheckItOff;
				PRODUCT_NAME = "$(TARGET_NAME)";
				SWIFT_VERSION = 3.0;
			};
			name = Debug;
		};
		C37358B81E4A09D60001A0CE /* Release */ = {
			isa = XCBuildConfiguration;
			buildSettings = {
				ASSETCATALOG_COMPILER_APPICON_NAME = AppIcon;
				DEVELOPMENT_TEAM = YG488X6356;
				INFOPLIST_FILE = CheckItOff/Info.plist;
				IPHONEOS_DEPLOYMENT_TARGET = 10.2;
				LD_RUNPATH_SEARCH_PATHS = "$(inherited) @executable_path/Frameworks";
				PRODUCT_BUNDLE_IDENTIFIER = aleandre.proy.CheckItOff;
				PRODUCT_NAME = "$(TARGET_NAME)";
				SWIFT_VERSION = 3.0;
			};
			name = Release;
		};
		C37358BA1E4A09D60001A0CE /* Debug */ = {
			isa = XCBuildConfiguration;
			buildSettings = {
				ALWAYS_EMBED_SWIFT_STANDARD_LIBRARIES = YES;
				BUNDLE_LOADER = "$(TEST_HOST)";
				INFOPLIST_FILE = CheckItOffTests/Info.plist;
				LD_RUNPATH_SEARCH_PATHS = "$(inherited) @executable_path/Frameworks @loader_path/Frameworks";
				PRODUCT_BUNDLE_IDENTIFIER = aleandre.proy.CheckItOffTests;
				PRODUCT_NAME = "$(TARGET_NAME)";
				SWIFT_VERSION = 3.0;
				TEST_HOST = "$(BUILT_PRODUCTS_DIR)/CheckItOff.app/CheckItOff";
			};
			name = Debug;
		};
		C37358BB1E4A09D60001A0CE /* Release */ = {
			isa = XCBuildConfiguration;
			buildSettings = {
				ALWAYS_EMBED_SWIFT_STANDARD_LIBRARIES = YES;
				BUNDLE_LOADER = "$(TEST_HOST)";
				INFOPLIST_FILE = CheckItOffTests/Info.plist;
				LD_RUNPATH_SEARCH_PATHS = "$(inherited) @executable_path/Frameworks @loader_path/Frameworks";
				PRODUCT_BUNDLE_IDENTIFIER = aleandre.proy.CheckItOffTests;
				PRODUCT_NAME = "$(TARGET_NAME)";
				SWIFT_VERSION = 3.0;
				TEST_HOST = "$(BUILT_PRODUCTS_DIR)/CheckItOff.app/CheckItOff";
			};
			name = Release;
		};
/* End XCBuildConfiguration section */

/* Begin XCConfigurationList section */
		C37358941E4A09D50001A0CE /* Build configuration list for PBXProject "CheckItOff" */ = {
			isa = XCConfigurationList;
			buildConfigurations = (
				C37358B41E4A09D60001A0CE /* Debug */,
				C37358B51E4A09D60001A0CE /* Release */,
			);
			defaultConfigurationIsVisible = 0;
			defaultConfigurationName = Release;
		};
		C37358B61E4A09D60001A0CE /* Build configuration list for PBXNativeTarget "CheckItOff" */ = {
			isa = XCConfigurationList;
			buildConfigurations = (
				C37358B71E4A09D60001A0CE /* Debug */,
				C37358B81E4A09D60001A0CE /* Release */,
			);
			defaultConfigurationIsVisible = 0;
			defaultConfigurationName = Release;
		};
		C37358B91E4A09D60001A0CE /* Build configuration list for PBXNativeTarget "CheckItOffTests" */ = {
			isa = XCConfigurationList;
			buildConfigurations = (
				C37358BA1E4A09D60001A0CE /* Debug */,
				C37358BB1E4A09D60001A0CE /* Release */,
			);
			defaultConfigurationIsVisible = 0;
			defaultConfigurationName = Release;
		};
/* End XCConfigurationList section */

/* Begin XCVersionGroup section */
		C3CE32E51E53161C0089CDDA /* Model.xcdatamodeld */ = {
			isa = XCVersionGroup;
			children = (
				C3CE32E61E53161C0089CDDA /* Model.xcdatamodel */,
			);
			currentVersion = C3CE32E61E53161C0089CDDA /* Model.xcdatamodel */;
			name = Model.xcdatamodeld;
			path = ../Model.xcdatamodeld;
			sourceTree = "<group>";
			versionGroupType = wrapper.xcdatamodel;
		};
/* End XCVersionGroup section */
	};
	rootObject = C37358911E4A09D50001A0CE /* Project object */;
}
